
Microsoft Visual Studio Solution File, Format Version 12.00
# Visual Studio Version 16
VisualStudioVersion = 16.0.810.22
MinimumVisualStudioVersion = 10.0.40219.1
Project("{FAE04EC0-301F-11D3-BF4B-00C04F79EFBC}") = "SortingAlgorithms", "SortingAlgorithms\SortingAlgorithms.csproj", "{4509F28B-D278-40F2-9A21-4F1D405CA7A3}"
EndProject
Global
	GlobalSection(SolutionConfigurationPlatforms) = preSolution
		Debug|anycpu = Debug|anycpu
		Release|anycpu = Release|anycpu
	EndGlobalSection
	GlobalSection(ProjectConfigurationPlatforms) = postSolution
		{4509F28B-D278-40F2-9A21-4F1D405CA7A3}.Debug|anycpu.ActiveCfg = Debug|anycpu
		{4509F28B-D278-40F2-9A21-4F1D405CA7A3}.Debug|anycpu.Build.0 = Debug|anycpu
		{4509F28B-D278-40F2-9A21-4F1D405CA7A3}.Release|anycpu.ActiveCfg = Release|anycpu
		{4509F28B-D278-40F2-9A21-4F1D405CA7A3}.Release|anycpu.Build.0 = Release|anycpu
	EndGlobalSection
	GlobalSection(SolutionProperties) = preSolution
		HideSolutionNode = FALSE
	EndGlobalSection
	GlobalSection(ExtensibilityGlobals) = postSolution
		SolutionGuid = {50F74564-50D9-4942-96F7-B3ACB75CA99B}
	EndGlobalSection
EndGlobal
